PODS:
  - Google-Maps-iOS-Utils (6.0.0):
    - GoogleMaps (~> 9.0)
  - GoogleMaps (9.1.1):
    - GoogleMaps/Maps (= 9.1.1)
  - GoogleMaps/Base (9.1.1)
  - GoogleMaps/Maps (9.1.1):
    - GoogleMaps/Base
  - shared (1.0):
    - Google-Maps-iOS-Utils (= 6.0.0)
    - GoogleMaps (= 9.1.1)

DEPENDENCIES:
  - Google-Maps-iOS-Utils (= 6.0.0)
  - GoogleMaps (= 9.1.1)
  - shared (from `../shared`)

SPEC REPOS:
  trunk:
    - Google-Maps-iOS-Utils
    - GoogleMaps

EXTERNAL SOURCES:
  shared:
    :path: "../shared"

SPEC CHECKSUMS:
  Google-Maps-iOS-Utils: cfe6a0239c7ca634b7e001ad059a6707143dc8dc
  GoogleMaps: 80ea184ed6bf44139f383a8b0e248ba3ec1cc8c9
  shared: 13129ba36bd635b146629a359319f1c64773ecf7

PODFILE CHECKSUM: 20bf67f8b542bf35effc62ba91cd5dd5f663a72b

COCOAPODS: 1.16.2
