PODS:
  - GoogleMaps (8.4.0):
    - GoogleMaps/Maps (= 8.4.0)
  - GoogleMaps/Base (8.4.0)
  - GoogleMaps/Maps (8.4.0):
    - GoogleMaps/Base
  - shared (1.0):
    - GoogleMaps (= 8.4.0)

DEPENDENCIES:
  - shared (from `../shared`)

SPEC REPOS:
  trunk:
    - GoogleMaps

EXTERNAL SOURCES:
  shared:
    :path: "../shared"

SPEC CHECKSUMS:
  GoogleMaps: 8939898920281c649150e0af74aa291c60f2e77d
  shared: aa7538646ee1e9f6eac15e4e7c9d5eece7fdcf81

PODFILE CHECKSUM: c2be7e7b8f823b4bd940f629e5b63f1e953e4686

COCOAPODS: 1.16.2
